
Microsoft Visual Studio Solution File, Format Version 12.00
# Visual Studio Version 17
VisualStudioVersion = 17.8.34316.72
MinimumVisualStudioVersion = 10.0.40219.1
Project("{FAE04EC0-301F-11D3-BF4B-00C04F79EFBC}") = "Twitter.API", "Twitter.API\Twitter.API.csproj", "{C7AABC1B-A631-4E69-8ED1-71101FFB1E29}"
EndProject
Project("{FAE04EC0-301F-11D3-BF4B-00C04F79EFBC}") = "Twitter.CORE", "Twitter.CORE\Twitter.CORE.csproj", "{17CDA333-72ED-4FB4-9FE4-E7098B32AE19}"
EndProject
Project("{FAE04EC0-301F-11D3-BF4B-00C04F79EFBC}") = "Twitter.DAL", "Twitter.DAL\Twitter.DAL.csproj", "{E0C2D431-A455-4052-8F47-76D075075B0B}"
EndProject
Project("{FAE04EC0-301F-11D3-BF4B-00C04F79EFBC}") = "Twitter.Business", "Twitter.Business\Twitter.Business.csproj", "{5E4787F8-6B4C-4122-A0B2-47F6FAE7272A}"
EndProject
Global
	GlobalSection(SolutionConfigurationPlatforms) = preSolution
		Debug|Any CPU = Debug|Any CPU
		Release|Any CPU = Release|Any CPU
	EndGlobalSection
	GlobalSection(ProjectConfigurationPlatforms) = postSolution
		{C7AABC1B-A631-4E69-8ED1-71101FFB1E29}.Debug|Any CPU.ActiveCfg = Debug|Any CPU
		{C7AABC1B-A631-4E69-8ED1-71101FFB1E29}.Debug|Any CPU.Build.0 = Debug|Any CPU
		{C7AABC1B-A631-4E69-8ED1-71101FFB1E29}.Release|Any CPU.ActiveCfg = Release|Any CPU
		{C7AABC1B-A631-4E69-8ED1-71101FFB1E29}.Release|Any CPU.Build.0 = Release|Any CPU
		{17CDA333-72ED-4FB4-9FE4-E7098B32AE19}.Debug|Any CPU.ActiveCfg = Debug|Any CPU
		{17CDA333-72ED-4FB4-9FE4-E7098B32AE19}.Debug|Any CPU.Build.0 = Debug|Any CPU
		{17CDA333-72ED-4FB4-9FE4-E7098B32AE19}.Release|Any CPU.ActiveCfg = Release|Any CPU
		{17CDA333-72ED-4FB4-9FE4-E7098B32AE19}.Release|Any CPU.Build.0 = Release|Any CPU
		{E0C2D431-A455-4052-8F47-76D075075B0B}.Debug|Any CPU.ActiveCfg = Debug|Any CPU
		{E0C2D431-A455-4052-8F47-76D075075B0B}.Debug|Any CPU.Build.0 = Debug|Any CPU
		{E0C2D431-A455-4052-8F47-76D075075B0B}.Release|Any CPU.ActiveCfg = Release|Any CPU
		{E0C2D431-A455-4052-8F47-76D075075B0B}.Release|Any CPU.Build.0 = Release|Any CPU
		{5E4787F8-6B4C-4122-A0B2-47F6FAE7272A}.Debug|Any CPU.ActiveCfg = Debug|Any CPU
		{5E4787F8-6B4C-4122-A0B2-47F6FAE7272A}.Debug|Any CPU.Build.0 = Debug|Any CPU
		{5E4787F8-6B4C-4122-A0B2-47F6FAE7272A}.Release|Any CPU.ActiveCfg = Release|Any CPU
		{5E4787F8-6B4C-4122-A0B2-47F6FAE7272A}.Release|Any CPU.Build.0 = Release|Any CPU
	EndGlobalSection
	GlobalSection(SolutionProperties) = preSolution
		HideSolutionNode = FALSE
	EndGlobalSection
	GlobalSection(ExtensibilityGlobals) = postSolution
		SolutionGuid = {BD660BB2-A09B-454E-81B1-FF39F4D42675}
	EndGlobalSection
EndGlobal
